
Microsoft Visual Studio Solution File, Format Version 12.00
# Visual Studio 15
VisualStudioVersion = 15.0.27428.2005
MinimumVisualStudioVersion = 10.0.40219.1
Project("{FAE04EC0-301F-11D3-BF4B-00C04F79EFBC}") = "ImageService", "ImageService\ImageService.csproj", "{B71572E4-0956-4358-9B9F-B34DF2C7D41F}"
EndProject
Project("{FAE04EC0-301F-11D3-BF4B-00C04F79EFBC}") = "GUI", "GUI\GUI.csproj", "{9DC596E7-2B4B-4800-8693-9749370750F7}"
EndProject
Project("{FAE04EC0-301F-11D3-BF4B-00C04F79EFBC}") = "Communication", "Communication\Communication.csproj", "{E8CC5C1F-DBF0-49F3-B4B1-9EF83E4F79D6}"
EndProject
Project("{FAE04EC0-301F-11D3-BF4B-00C04F79EFBC}") = "WEB", "WEB\WEB.csproj", "{8CDAF155-7BC8-4F3D-BE35-0A42121745A2}"
EndProject
Global
	GlobalSection(SolutionConfigurationPlatforms) = preSolution
		Debug|Any CPU = Debug|Any CPU
		Release|Any CPU = Release|Any CPU
	EndGlobalSection
	GlobalSection(ProjectConfigurationPlatforms) = postSolution
		{B71572E4-0956-4358-9B9F-B34DF2C7D41F}.Debug|Any CPU.ActiveCfg = Debug|Any CPU
		{B71572E4-0956-4358-9B9F-B34DF2C7D41F}.Debug|Any CPU.Build.0 = Debug|Any CPU
		{B71572E4-0956-4358-9B9F-B34DF2C7D41F}.Release|Any CPU.ActiveCfg = Release|Any CPU
		{B71572E4-0956-4358-9B9F-B34DF2C7D41F}.Release|Any CPU.Build.0 = Release|Any CPU
		{9DC596E7-2B4B-4800-8693-9749370750F7}.Debug|Any CPU.ActiveCfg = Debug|Any CPU
		{9DC596E7-2B4B-4800-8693-9749370750F7}.Debug|Any CPU.Build.0 = Debug|Any CPU
		{9DC596E7-2B4B-4800-8693-9749370750F7}.Release|Any CPU.ActiveCfg = Release|Any CPU
		{9DC596E7-2B4B-4800-8693-9749370750F7}.Release|Any CPU.Build.0 = Release|Any CPU
		{E8CC5C1F-DBF0-49F3-B4B1-9EF83E4F79D6}.Debug|Any CPU.ActiveCfg = Debug|Any CPU
		{E8CC5C1F-DBF0-49F3-B4B1-9EF83E4F79D6}.Debug|Any CPU.Build.0 = Debug|Any CPU
		{E8CC5C1F-DBF0-49F3-B4B1-9EF83E4F79D6}.Release|Any CPU.ActiveCfg = Release|Any CPU
		{E8CC5C1F-DBF0-49F3-B4B1-9EF83E4F79D6}.Release|Any CPU.Build.0 = Release|Any CPU
		{8CDAF155-7BC8-4F3D-BE35-0A42121745A2}.Debug|Any CPU.ActiveCfg = Debug|Any CPU
		{8CDAF155-7BC8-4F3D-BE35-0A42121745A2}.Debug|Any CPU.Build.0 = Debug|Any CPU
		{8CDAF155-7BC8-4F3D-BE35-0A42121745A2}.Release|Any CPU.ActiveCfg = Release|Any CPU
		{8CDAF155-7BC8-4F3D-BE35-0A42121745A2}.Release|Any CPU.Build.0 = Release|Any CPU
	EndGlobalSection
	GlobalSection(SolutionProperties) = preSolution
		HideSolutionNode = FALSE
	EndGlobalSection
	GlobalSection(ExtensibilityGlobals) = postSolution
		SolutionGuid = {34000357-3FEB-40FC-B00B-9DA1DCED751F}
	EndGlobalSection
EndGlobal
